
Microsoft Visual Studio Solution File, Format Version 12.00
# Visual Studio Version 17
VisualStudioVersion = 17.7.34018.315
MinimumVisualStudioVersion = 10.0.40219.1
Project("{9A19103F-16F7-4668-BE54-9A1E7A4F7556}") = "Detyra2", "ConsoleApp4\Detyra2.csproj", "{C7C8E377-D3F4-42D1-9243-20D730EA534B}"
EndProject
Global
	GlobalSection(SolutionConfigurationPlatforms) = preSolution
		Debug|Any CPU = Debug|Any CPU
		Release|Any CPU = Release|Any CPU
	EndGlobalSection
	GlobalSection(ProjectConfigurationPlatforms) = postSolution
		{C7C8E377-D3F4-42D1-9243-20D730EA534B}.Debug|Any CPU.ActiveCfg = Debug|Any CPU
		{C7C8E377-D3F4-42D1-9243-20D730EA534B}.Debug|Any CPU.Build.0 = Debug|Any CPU
		{C7C8E377-D3F4-42D1-9243-20D730EA534B}.Release|Any CPU.ActiveCfg = Release|Any CPU
		{C7C8E377-D3F4-42D1-9243-20D730EA534B}.Release|Any CPU.Build.0 = Release|Any CPU
	EndGlobalSection
	GlobalSection(SolutionProperties) = preSolution
		HideSolutionNode = FALSE
	EndGlobalSection
	GlobalSection(ExtensibilityGlobals) = postSolution
		SolutionGuid = {9D294716-3A3A-491F-B4E9-0FEB54C4D667}
	EndGlobalSection
EndGlobal
